
Microsoft Visual Studio Solution File, Format Version 12.00
Project("{FAE04EC0-301F-11D3-BF4B-00C04F79EFBC}") = "AutoMakeFile", "AutoMakeFile\AutoMakeFile.csproj", "{1BD06C07-4BFD-4D2D-A0A8-A014E470EECA}"
EndProject
Global
	GlobalSection(SolutionConfigurationPlatforms) = preSolution
		Debug|Any CPU = Debug|Any CPU
		Release|Any CPU = Release|Any CPU
	EndGlobalSection
	GlobalSection(ProjectConfigurationPlatforms) = postSolution
		{1BD06C07-4BFD-4D2D-A0A8-A014E470EECA}.Debug|Any CPU.ActiveCfg = Debug|Any CPU
		{1BD06C07-4BFD-4D2D-A0A8-A014E470EECA}.Debug|Any CPU.Build.0 = Debug|Any CPU
		{1BD06C07-4BFD-4D2D-A0A8-A014E470EECA}.Release|Any CPU.ActiveCfg = Release|Any CPU
		{1BD06C07-4BFD-4D2D-A0A8-A014E470EECA}.Release|Any CPU.Build.0 = Release|Any CPU
	EndGlobalSection
EndGlobal
